
Microsoft Visual Studio Solution File, Format Version 12.00
# Visual Studio Version 17
VisualStudioVersion = 17.8.34330.188
MinimumVisualStudioVersion = 10.0.40219.1
Project("{FAE04EC0-301F-11D3-BF4B-00C04F79EFBC}") = "final_project", "final_project.csproj", "{C3047F00-4196-4627-824A-55F77E2BA2A4}"
EndProject
Global
	GlobalSection(SolutionConfigurationPlatforms) = preSolution
		Debug|Any CPU = Debug|Any CPU
		Release|Any CPU = Release|Any CPU
	EndGlobalSection
	GlobalSection(ProjectConfigurationPlatforms) = postSolution
		{C3047F00-4196-4627-824A-55F77E2BA2A4}.Debug|Any CPU.ActiveCfg = Debug|Any CPU
		{C3047F00-4196-4627-824A-55F77E2BA2A4}.Debug|Any CPU.Build.0 = Debug|Any CPU
		{C3047F00-4196-4627-824A-55F77E2BA2A4}.Release|Any CPU.ActiveCfg = Release|Any CPU
		{C3047F00-4196-4627-824A-55F77E2BA2A4}.Release|Any CPU.Build.0 = Release|Any CPU
	EndGlobalSection
	GlobalSection(SolutionProperties) = preSolution
		HideSolutionNode = FALSE
	EndGlobalSection
	GlobalSection(ExtensibilityGlobals) = postSolution
		SolutionGuid = {565DE613-C18E-46E2-B017-9ABB8AA8A673}
	EndGlobalSection
EndGlobal
